// !$*UTF8*$!
{
	archiveVersion = 1;
	classes = {
	};
	objectVersion = 46;
	objects = {

/* Begin PBXBuildFile section */
		4A22D725195155F500A117EB /* AppDelegate.swift in Sources */ = {isa = PBXBuildFile; fileRef = 4A22D724195155F500A117EB /* AppDelegate.swift */; };
		4A22D727195155F500A117EB /* ViewController.swift in Sources */ = {isa = PBXBuildFile; fileRef = 4A22D726195155F500A117EB /* ViewController.swift */; };
		4A22D72A195155F500A117EB /* Main.storyboard in Resources */ = {isa = PBXBuildFile; fileRef = 4A22D728195155F500A117EB /* Main.storyboard */; };
		4A22D72C195155F500A117EB /* Images.xcassets in Resources */ = {isa = PBXBuildFile; fileRef = 4A22D72B195155F500A117EB /* Images.xcassets */; };
		4A22D738195155F500A117EB /* TenTenSwiftTests.swift in Sources */ = {isa = PBXBuildFile; fileRef = 4A22D737195155F500A117EB /* TenTenSwiftTests.swift */; };
		4A23037419A4F61900832171 /* CustomView.swift in Sources */ = {isa = PBXBuildFile; fileRef = 4A23037319A4F61900832171 /* CustomView.swift */; };
		4A39850519ADEA560050A162 /* numberBackground0@2x.png in Resources */ = {isa = PBXBuildFile; fileRef = 4A39850319ADEA560050A162 /* numberBackground0@2x.png */; };
		4A39850619ADEA560050A162 /* numberBackground1@2x.png in Resources */ = {isa = PBXBuildFile; fileRef = 4A39850419ADEA560050A162 /* numberBackground1@2x.png */; };
		4A39850819ADEDC40050A162 /* TopViewController.swift in Sources */ = {isa = PBXBuildFile; fileRef = 4A39850719ADEDC40050A162 /* TopViewController.swift */; };
		4A39850A19ADEEE20050A162 /* SimpleMode@2x.png in Resources */ = {isa = PBXBuildFile; fileRef = 4A39850919ADEEE20050A162 /* SimpleMode@2x.png */; };
		4A39850C19ADF12E0050A162 /* SimpleModeViewController.swift in Sources */ = {isa = PBXBuildFile; fileRef = 4A39850B19ADF12E0050A162 /* SimpleModeViewController.swift */; };
		4A39850E19ADF1420050A162 /* TimeAttackModeViewController.swift in Sources */ = {isa = PBXBuildFile; fileRef = 4A39850D19ADF1420050A162 /* TimeAttackModeViewController.swift */; };
		4A557D5319B061F1008E0C1F /* PlanetImageView.swift in Sources */ = {isa = PBXBuildFile; fileRef = 4A557D5219B061F1008E0C1F /* PlanetImageView.swift */; };
		4A557D5519B1AC57008E0C1F /* TimeAttack@2x.png in Resources */ = {isa = PBXBuildFile; fileRef = 4A557D5419B1AC57008E0C1F /* TimeAttack@2x.png */; };
		4A557D5A19B1ACA0008E0C1F /* TimeAttack0@2x.png in Resources */ = {isa = PBXBuildFile; fileRef = 4A557D5619B1ACA0008E0C1F /* TimeAttack0@2x.png */; };
		4A557D5B19B1ACA0008E0C1F /* TimeAttack1@2x.png in Resources */ = {isa = PBXBuildFile; fileRef = 4A557D5719B1ACA0008E0C1F /* TimeAttack1@2x.png */; };
		4A557D5C19B1ACA0008E0C1F /* TimeAttack2@2x.png in Resources */ = {isa = PBXBuildFile; fileRef = 4A557D5819B1ACA0008E0C1F /* TimeAttack2@2x.png */; };
		4A557D5D19B1ACA0008E0C1F /* TimeAttack3@2x.png in Resources */ = {isa = PBXBuildFile; fileRef = 4A557D5919B1ACA0008E0C1F /* TimeAttack3@2x.png */; };
		4A557D5F19B2E66D008E0C1F /* MultipeerConnectivity.framework in Frameworks */ = {isa = PBXBuildFile; fileRef = 4A557D5E19B2E66D008E0C1F /* MultipeerConnectivity.framework */; };
		4A5ECB2419A3517F00EC6C4A /* CustomButton.swift in Sources */ = {isa = PBXBuildFile; fileRef = 4A5ECB2319A3517F00EC6C4A /* CustomButton.swift */; };
		4A61D1C319AA26C40091618D /* Fraction.swift in Sources */ = {isa = PBXBuildFile; fileRef = 4A61D1C219AA26C40091618D /* Fraction.swift */; };
		4A61D1C519AAC4F50091618D /* CustomImageView.swift in Sources */ = {isa = PBXBuildFile; fileRef = 4A61D1C419AAC4F50091618D /* CustomImageView.swift */; };
		4A61D1C719AACEF60091618D /* CustomLabel.swift in Sources */ = {isa = PBXBuildFile; fileRef = 4A61D1C619AACEF60091618D /* CustomLabel.swift */; };
		4A6320E419B00A4900683B98 /* ResultViewController.swift in Sources */ = {isa = PBXBuildFile; fileRef = 4A6320E319B00A4900683B98 /* ResultViewController.swift */; };
		4A6DE47919AC4D21007BFDDD /* GameManager.swift in Sources */ = {isa = PBXBuildFile; fileRef = 4A6DE47819AC4D21007BFDDD /* GameManager.swift */; };
		4A6DE47D19AC6DA6007BFDDD /* combination.csv in Resources */ = {isa = PBXBuildFile; fileRef = 4A6DE47C19AC6DA6007BFDDD /* combination.csv */; };
		4AB4F11F19ACE4F200724C12 /* SimpleMode0@2x.png in Resources */ = {isa = PBXBuildFile; fileRef = 4AB4F11A19ACE4F200724C12 /* SimpleMode0@2x.png */; };
		4AB4F12019ACE4F200724C12 /* SimpleMode1@2x.png in Resources */ = {isa = PBXBuildFile; fileRef = 4AB4F11B19ACE4F200724C12 /* SimpleMode1@2x.png */; };
		4AB4F12119ACE4F200724C12 /* SimpleMode2@2x.png in Resources */ = {isa = PBXBuildFile; fileRef = 4AB4F11C19ACE4F200724C12 /* SimpleMode2@2x.png */; };
		4AB4F12219ACE4F200724C12 /* SimpleMode3@2x.png in Resources */ = {isa = PBXBuildFile; fileRef = 4AB4F11D19ACE4F200724C12 /* SimpleMode3@2x.png */; };
		4AB4F12919ACFF4B00724C12 /* operator1@2x.png in Resources */ = {isa = PBXBuildFile; fileRef = 4AB4F12519ACFF4B00724C12 /* operator1@2x.png */; };
		4AB4F12A19ACFF4B00724C12 /* operator0@2x.png in Resources */ = {isa = PBXBuildFile; fileRef = 4AB4F12619ACFF4B00724C12 /* operator0@2x.png */; };
		4AB4F12B19ACFF4B00724C12 /* operator3@2x.png in Resources */ = {isa = PBXBuildFile; fileRef = 4AB4F12719ACFF4B00724C12 /* operator3@2x.png */; };
		4AB4F12C19ACFF4B00724C12 /* operator2@2x.png in Resources */ = {isa = PBXBuildFile; fileRef = 4AB4F12819ACFF4B00724C12 /* operator2@2x.png */; };
		4AC611F4198F541B003FDBC5 /* BaseViewController.swift in Sources */ = {isa = PBXBuildFile; fileRef = 4AC611F3198F541B003FDBC5 /* BaseViewController.swift */; };
		4AC611F6198F543C003FDBC5 /* BaseNavigationController.swift in Sources */ = {isa = PBXBuildFile; fileRef = 4AC611F5198F543C003FDBC5 /* BaseNavigationController.swift */; };
		4AC611F8198F57A4003FDBC5 /* QuartzCore.framework in Frameworks */ = {isa = PBXBuildFile; fileRef = 4AC611F7198F57A4003FDBC5 /* QuartzCore.framework */; };
		4AC611FE19946C99003FDBC5 /* command_icon0@2x.png in Resources */ = {isa = PBXBuildFile; fileRef = 4AC611F919946C99003FDBC5 /* command_icon0@2x.png */; };
		4AC611FF19946C99003FDBC5 /* command_icon1@2x.png in Resources */ = {isa = PBXBuildFile; fileRef = 4AC611FA19946C99003FDBC5 /* command_icon1@2x.png */; };
		4AC6120019946C99003FDBC5 /* command_icon2@2x.png in Resources */ = {isa = PBXBuildFile; fileRef = 4AC611FB19946C99003FDBC5 /* command_icon2@2x.png */; };
		4AC6120119946C99003FDBC5 /* command_icon3@2x.png in Resources */ = {isa = PBXBuildFile; fileRef = 4AC611FC19946C99003FDBC5 /* command_icon3@2x.png */; };
		4AC6120219946C99003FDBC5 /* command_icon@2x.png in Resources */ = {isa = PBXBuildFile; fileRef = 4AC611FD19946C99003FDBC5 /* command_icon@2x.png */; };
		4AD2845F19A4C556008391DA /* AnimationButton.swift in Sources */ = {isa = PBXBuildFile; fileRef = 4AD2845E19A4C556008391DA /* AnimationButton.swift */; };
/* End PBXBuildFile section */

/* Begin PBXContainerItemProxy section */
		4A22D732195155F500A117EB /* PBXContainerItemProxy */ = {
			isa = PBXContainerItemProxy;
			containerPortal = 4A22D717195155F500A117EB /* Project object */;
			proxyType = 1;
			remoteGlobalIDString = 4A22D71E195155F500A117EB;
			remoteInfo = TenTenSwift;
		};
/* End PBXContainerItemProxy section */

/* Begin PBXFileReference section */
		4A22D71F195155F500A117EB /* TenTenSwift.app */ = {isa = PBXFileReference; explicitFileType = wrapper.application; includeInIndex = 0; path = TenTenSwift.app; sourceTree = BUILT_PRODUCTS_DIR; };
		4A22D723195155F500A117EB /* Info.plist */ = {isa = PBXFileReference; lastKnownFileType = text.plist.xml; path = Info.plist; sourceTree = "<group>"; };
		4A22D724195155F500A117EB /* AppDelegate.swift */ = {isa = PBXFileReference; lastKnownFileType = sourcecode.swift; path = AppDelegate.swift; sourceTree = "<group>"; };
		4A22D726195155F500A117EB /* ViewController.swift */ = {isa = PBXFileReference; lastKnownFileType = sourcecode.swift; path = ViewController.swift; sourceTree = "<group>"; };
		4A22D729195155F500A117EB /* Base */ = {isa = PBXFileReference; lastKnownFileType = file.storyboard; name = Base; path = Base.lproj/Main.storyboard; sourceTree = "<group>"; };
		4A22D72B195155F500A117EB /* Images.xcassets */ = {isa = PBXFileReference; lastKnownFileType = folder.assetcatalog; path = Images.xcassets; sourceTree = "<group>"; };
		4A22D731195155F500A117EB /* TenTenSwiftTests.xctest */ = {isa = PBXFileReference; explicitFileType = wrapper.cfbundle; includeInIndex = 0; path = TenTenSwiftTests.xctest; sourceTree = BUILT_PRODUCTS_DIR; };
		4A22D736195155F500A117EB /* Info.plist */ = {isa = PBXFileReference; lastKnownFileType = text.plist.xml; path = Info.plist; sourceTree = "<group>"; };
		4A22D737195155F500A117EB /* TenTenSwiftTests.swift */ = {isa = PBXFileReference; lastKnownFileType = sourcecode.swift; path = TenTenSwiftTests.swift; sourceTree = "<group>"; };
		4A23037319A4F61900832171 /* CustomView.swift */ = {isa = PBXFileReference; fileEncoding = 4; lastKnownFileType = sourcecode.swift; path = CustomView.swift; sourceTree = "<group>"; };
		4A39850319ADEA560050A162 /* numberBackground0@2x.png */ = {isa = PBXFileReference; lastKnownFileType = image.png; path = "numberBackground0@2x.png"; sourceTree = "<group>"; };
		4A39850419ADEA560050A162 /* numberBackground1@2x.png */ = {isa = PBXFileReference; lastKnownFileType = image.png; path = "numberBackground1@2x.png"; sourceTree = "<group>"; };
		4A39850719ADEDC40050A162 /* TopViewController.swift */ = {isa = PBXFileReference; fileEncoding = 4; lastKnownFileType = sourcecode.swift; path = TopViewController.swift; sourceTree = "<group>"; };
		4A39850919ADEEE20050A162 /* SimpleMode@2x.png */ = {isa = PBXFileReference; lastKnownFileType = image.png; path = "SimpleMode@2x.png"; sourceTree = "<group>"; };
		4A39850B19ADF12E0050A162 /* SimpleModeViewController.swift */ = {isa = PBXFileReference; fileEncoding = 4; lastKnownFileType = sourcecode.swift; path = SimpleModeViewController.swift; sourceTree = "<group>"; };
		4A39850D19ADF1420050A162 /* TimeAttackModeViewController.swift */ = {isa = PBXFileReference; fileEncoding = 4; lastKnownFileType = sourcecode.swift; path = TimeAttackModeViewController.swift; sourceTree = "<group>"; };
		4A557D5219B061F1008E0C1F /* PlanetImageView.swift */ = {isa = PBXFileReference; fileEncoding = 4; lastKnownFileType = sourcecode.swift; path = PlanetImageView.swift; sourceTree = "<group>"; };
		4A557D5419B1AC57008E0C1F /* TimeAttack@2x.png */ = {isa = PBXFileReference; lastKnownFileType = image.png; path = "TimeAttack@2x.png"; sourceTree = "<group>"; };
		4A557D5619B1ACA0008E0C1F /* TimeAttack0@2x.png */ = {isa = PBXFileReference; lastKnownFileType = image.png; path = "TimeAttack0@2x.png"; sourceTree = "<group>"; };
		4A557D5719B1ACA0008E0C1F /* TimeAttack1@2x.png */ = {isa = PBXFileReference; lastKnownFileType = image.png; path = "TimeAttack1@2x.png"; sourceTree = "<group>"; };
		4A557D5819B1ACA0008E0C1F /* TimeAttack2@2x.png */ = {isa = PBXFileReference; lastKnownFileType = image.png; path = "TimeAttack2@2x.png"; sourceTree = "<group>"; };
		4A557D5919B1ACA0008E0C1F /* TimeAttack3@2x.png */ = {isa = PBXFileReference; lastKnownFileType = image.png; path = "TimeAttack3@2x.png"; sourceTree = "<group>"; };
		4A557D5E19B2E66D008E0C1F /* MultipeerConnectivity.framework */ = {isa = PBXFileReference; lastKnownFileType = wrapper.framework; name = MultipeerConnectivity.framework; path = System/Library/Frameworks/MultipeerConnectivity.framework; sourceTree = SDKROOT; };
		4A5ECB2319A3517F00EC6C4A /* CustomButton.swift */ = {isa = PBXFileReference; fileEncoding = 4; lastKnownFileType = sourcecode.swift; path = CustomButton.swift; sourceTree = "<group>"; };
		4A61D1C219AA26C40091618D /* Fraction.swift */ = {isa = PBXFileReference; fileEncoding = 4; lastKnownFileType = sourcecode.swift; path = Fraction.swift; sourceTree = "<group>"; };
		4A61D1C419AAC4F50091618D /* CustomImageView.swift */ = {isa = PBXFileReference; fileEncoding = 4; lastKnownFileType = sourcecode.swift; path = CustomImageView.swift; sourceTree = "<group>"; };
		4A61D1C619AACEF60091618D /* CustomLabel.swift */ = {isa = PBXFileReference; fileEncoding = 4; lastKnownFileType = sourcecode.swift; path = CustomLabel.swift; sourceTree = "<group>"; };
		4A6320E319B00A4900683B98 /* ResultViewController.swift */ = {isa = PBXFileReference; fileEncoding = 4; lastKnownFileType = sourcecode.swift; path = ResultViewController.swift; sourceTree = "<group>"; };
		4A6DE47819AC4D21007BFDDD /* GameManager.swift */ = {isa = PBXFileReference; fileEncoding = 4; lastKnownFileType = sourcecode.swift; path = GameManager.swift; sourceTree = "<group>"; };
		4A6DE47C19AC6DA6007BFDDD /* combination.csv */ = {isa = PBXFileReference; fileEncoding = 4; lastKnownFileType = text; path = combination.csv; sourceTree = "<group>"; };
		4AB4F11A19ACE4F200724C12 /* SimpleMode0@2x.png */ = {isa = PBXFileReference; lastKnownFileType = image.png; path = "SimpleMode0@2x.png"; sourceTree = "<group>"; };
		4AB4F11B19ACE4F200724C12 /* SimpleMode1@2x.png */ = {isa = PBXFileReference; lastKnownFileType = image.png; path = "SimpleMode1@2x.png"; sourceTree = "<group>"; };
		4AB4F11C19ACE4F200724C12 /* SimpleMode2@2x.png */ = {isa = PBXFileReference; lastKnownFileType = image.png; path = "SimpleMode2@2x.png"; sourceTree = "<group>"; };
		4AB4F11D19ACE4F200724C12 /* SimpleMode3@2x.png */ = {isa = PBXFileReference; lastKnownFileType = image.png; path = "SimpleMode3@2x.png"; sourceTree = "<group>"; };
		4AB4F12519ACFF4B00724C12 /* operator1@2x.png */ = {isa = PBXFileReference; lastKnownFileType = image.png; path = "operator1@2x.png"; sourceTree = "<group>"; };
		4AB4F12619ACFF4B00724C12 /* operator0@2x.png */ = {isa = PBXFileReference; lastKnownFileType = image.png; path = "operator0@2x.png"; sourceTree = "<group>"; };
		4AB4F12719ACFF4B00724C12 /* operator3@2x.png */ = {isa = PBXFileReference; lastKnownFileType = image.png; path = "operator3@2x.png"; sourceTree = "<group>"; };
		4AB4F12819ACFF4B00724C12 /* operator2@2x.png */ = {isa = PBXFileReference; lastKnownFileType = image.png; path = "operator2@2x.png"; sourceTree = "<group>"; };
		4AC611F3198F541B003FDBC5 /* BaseViewController.swift */ = {isa = PBXFileReference; fileEncoding = 4; lastKnownFileType = sourcecode.swift; path = BaseViewController.swift; sourceTree = "<group>"; };
		4AC611F5198F543C003FDBC5 /* BaseNavigationController.swift */ = {isa = PBXFileReference; fileEncoding = 4; lastKnownFileType = sourcecode.swift; path = BaseNavigationController.swift; sourceTree = "<group>"; };
		4AC611F7198F57A4003FDBC5 /* QuartzCore.framework */ = {isa = PBXFileReference; lastKnownFileType = wrapper.framework; name = QuartzCore.framework; path = System/Library/Frameworks/QuartzCore.framework; sourceTree = SDKROOT; };
		4AC611F919946C99003FDBC5 /* command_icon0@2x.png */ = {isa = PBXFileReference; lastKnownFileType = image.png; path = "command_icon0@2x.png"; sourceTree = "<group>"; };
		4AC611FA19946C99003FDBC5 /* command_icon1@2x.png */ = {isa = PBXFileReference; lastKnownFileType = image.png; path = "command_icon1@2x.png"; sourceTree = "<group>"; };
		4AC611FB19946C99003FDBC5 /* command_icon2@2x.png */ = {isa = PBXFileReference; lastKnownFileType = image.png; path = "command_icon2@2x.png"; sourceTree = "<group>"; };
		4AC611FC19946C99003FDBC5 /* command_icon3@2x.png */ = {isa = PBXFileReference; lastKnownFileType = image.png; path = "command_icon3@2x.png"; sourceTree = "<group>"; };
		4AC611FD19946C99003FDBC5 /* command_icon@2x.png */ = {isa = PBXFileReference; lastKnownFileType = image.png; path = "command_icon@2x.png"; sourceTree = "<group>"; };
		4AD2845E19A4C556008391DA /* AnimationButton.swift */ = {isa = PBXFileReference; fileEncoding = 4; lastKnownFileType = sourcecode.swift; path = AnimationButton.swift; sourceTree = "<group>"; };
/* End PBXFileReference section */

/* Begin PBXFrameworksBuildPhase section */
		4A22D71C195155F500A117EB /* Frameworks */ = {
			isa = PBXFrameworksBuildPhase;
			buildActionMask = 2147483647;
			files = (
				4A557D5F19B2E66D008E0C1F /* MultipeerConnectivity.framework in Frameworks */,
				4AC611F8198F57A4003FDBC5 /* QuartzCore.framework in Frameworks */,
			);
			runOnlyForDeploymentPostprocessing = 0;
		};
		4A22D72E195155F500A117EB /* Frameworks */ = {
			isa = PBXFrameworksBuildPhase;
			buildActionMask = 2147483647;
			files = (
			);
			runOnlyForDeploymentPostprocessing = 0;
		};
/* End PBXFrameworksBuildPhase section */

/* Begin PBXGroup section */
		4A22D716195155F500A117EB = {
			isa = PBXGroup;
			children = (
				4A557D5E19B2E66D008E0C1F /* MultipeerConnectivity.framework */,
				4AC611F7198F57A4003FDBC5 /* QuartzCore.framework */,
				4A22D721195155F500A117EB /* TenTenSwift */,
				4A22D734195155F500A117EB /* TenTenSwiftTests */,
				4A22D720195155F500A117EB /* Products */,
			);
			sourceTree = "<group>";
		};
		4A22D720195155F500A117EB /* Products */ = {
			isa = PBXGroup;
			children = (
				4A22D71F195155F500A117EB /* TenTenSwift.app */,
				4A22D731195155F500A117EB /* TenTenSwiftTests.xctest */,
			);
			name = Products;
			sourceTree = "<group>";
		};
		4A22D721195155F500A117EB /* TenTenSwift */ = {
			isa = PBXGroup;
			children = (
				4A22D724195155F500A117EB /* AppDelegate.swift */,
				4AC611F3198F541B003FDBC5 /* BaseViewController.swift */,
				4AC611F5198F543C003FDBC5 /* BaseNavigationController.swift */,
				4A6DE47819AC4D21007BFDDD /* GameManager.swift */,
				4A39850719ADEDC40050A162 /* TopViewController.swift */,
				4A39850B19ADF12E0050A162 /* SimpleModeViewController.swift */,
				4A39850D19ADF1420050A162 /* TimeAttackModeViewController.swift */,
				4A6320E319B00A4900683B98 /* ResultViewController.swift */,
				4A61D1C419AAC4F50091618D /* CustomImageView.swift */,
				4A61D1C619AACEF60091618D /* CustomLabel.swift */,
				4A5ECB2319A3517F00EC6C4A /* CustomButton.swift */,
				4AD2845E19A4C556008391DA /* AnimationButton.swift */,
				4A557D5219B061F1008E0C1F /* PlanetImageView.swift */,
				4A61D1C219AA26C40091618D /* Fraction.swift */,
				4A23037319A4F61900832171 /* CustomView.swift */,
				4A22D726195155F500A117EB /* ViewController.swift */,
				4A22D728195155F500A117EB /* Main.storyboard */,
				4A6DE47C19AC6DA6007BFDDD /* combination.csv */,
				4A39850919ADEEE20050A162 /* SimpleMode@2x.png */,
				4AB4F11A19ACE4F200724C12 /* SimpleMode0@2x.png */,
				4AB4F11B19ACE4F200724C12 /* SimpleMode1@2x.png */,
				4AB4F11C19ACE4F200724C12 /* SimpleMode2@2x.png */,
				4AB4F11D19ACE4F200724C12 /* SimpleMode3@2x.png */,
				4A557D5419B1AC57008E0C1F /* TimeAttack@2x.png */,
				4A557D5619B1ACA0008E0C1F /* TimeAttack0@2x.png */,
				4A557D5719B1ACA0008E0C1F /* TimeAttack1@2x.png */,
				4A557D5819B1ACA0008E0C1F /* TimeAttack2@2x.png */,
				4A557D5919B1ACA0008E0C1F /* TimeAttack3@2x.png */,
				4AC611F919946C99003FDBC5 /* command_icon0@2x.png */,
				4AC611FA19946C99003FDBC5 /* command_icon1@2x.png */,
				4AC611FB19946C99003FDBC5 /* command_icon2@2x.png */,
				4AC611FC19946C99003FDBC5 /* command_icon3@2x.png */,
				4AC611FD19946C99003FDBC5 /* command_icon@2x.png */,
				4AB4F12519ACFF4B00724C12 /* operator1@2x.png */,
				4AB4F12619ACFF4B00724C12 /* operator0@2x.png */,
				4AB4F12719ACFF4B00724C12 /* operator3@2x.png */,
				4AB4F12819ACFF4B00724C12 /* operator2@2x.png */,
				4A39850319ADEA560050A162 /* numberBackground0@2x.png */,
				4A39850419ADEA560050A162 /* numberBackground1@2x.png */,
				4A22D72B195155F500A117EB /* Images.xcassets */,
				4A22D722195155F500A117EB /* Supporting Files */,
			);
			path = TenTenSwift;
			sourceTree = "<group>";
		};
		4A22D722195155F500A117EB /* Supporting Files */ = {
			isa = PBXGroup;
			children = (
				4A22D723195155F500A117EB /* Info.plist */,
			);
			name = "Supporting Files";
			sourceTree = "<group>";
		};
		4A22D734195155F500A117EB /* TenTenSwiftTests */ = {
			isa = PBXGroup;
			children = (
				4A22D737195155F500A117EB /* TenTenSwiftTests.swift */,
				4A22D735195155F500A117EB /* Supporting Files */,
			);
			path = TenTenSwiftTests;
			sourceTree = "<group>";
		};
		4A22D735195155F500A117EB /* Supporting Files */ = {
			isa = PBXGroup;
			children = (
				4A22D736195155F500A117EB /* Info.plist */,
			);
			name = "Supporting Files";
			sourceTree = "<group>";
		};
/* End PBXGroup section */

/* Begin PBXNativeTarget section */
		4A22D71E195155F500A117EB /* TenTenSwift */ = {
			isa = PBXNativeTarget;
			buildConfigurationList = 4A22D73B195155F500A117EB /* Build configuration list for PBXNativeTarget "TenTenSwift" */;
			buildPhases = (
				4A22D71B195155F500A117EB /* Sources */,
				4A22D71C195155F500A117EB /* Frameworks */,
				4A22D71D195155F500A117EB /* Resources */,
			);
			buildRules = (
			);
			dependencies = (
			);
			name = TenTenSwift;
			productName = TenTenSwift;
			productReference = 4A22D71F195155F500A117EB /* TenTenSwift.app */;
			productType = "com.apple.product-type.application";
		};
		4A22D730195155F500A117EB /* TenTenSwiftTests */ = {
			isa = PBXNativeTarget;
			buildConfigurationList = 4A22D73E195155F500A117EB /* Build configuration list for PBXNativeTarget "TenTenSwiftTests" */;
			buildPhases = (
				4A22D72D195155F500A117EB /* Sources */,
				4A22D72E195155F500A117EB /* Frameworks */,
				4A22D72F195155F500A117EB /* Resources */,
			);
			buildRules = (
			);
			dependencies = (
				4A22D733195155F500A117EB /* PBXTargetDependency */,
			);
			name = TenTenSwiftTests;
			productName = TenTenSwiftTests;
			productReference = 4A22D731195155F500A117EB /* TenTenSwiftTests.xctest */;
			productType = "com.apple.product-type.bundle.unit-test";
		};
/* End PBXNativeTarget section */

/* Begin PBXProject section */
		4A22D717195155F500A117EB /* Project object */ = {
			isa = PBXProject;
			attributes = {
				LastUpgradeCheck = 0600;
				ORGANIZATIONNAME = Tommy;
				TargetAttributes = {
					4A22D71E195155F500A117EB = {
						CreatedOnToolsVersion = 6.0;
						DevelopmentTeam = G4F57UX422;
					};
					4A22D730195155F500A117EB = {
						CreatedOnToolsVersion = 6.0;
						TestTargetID = 4A22D71E195155F500A117EB;
					};
				};
			};
			buildConfigurationList = 4A22D71A195155F500A117EB /* Build configuration list for PBXProject "TenTenSwift" */;
			compatibilityVersion = "Xcode 3.2";
			developmentRegion = English;
			hasScannedForEncodings = 0;
			knownRegions = (
				en,
				Base,
			);
			mainGroup = 4A22D716195155F500A117EB;
			productRefGroup = 4A22D720195155F500A117EB /* Products */;
			projectDirPath = "";
			projectRoot = "";
			targets = (
				4A22D71E195155F500A117EB /* TenTenSwift */,
				4A22D730195155F500A117EB /* TenTenSwiftTests */,
			);
		};
/* End PBXProject section */

/* Begin PBXResourcesBuildPhase section */
		4A22D71D195155F500A117EB /* Resources */ = {
			isa = PBXResourcesBuildPhase;
			buildActionMask = 2147483647;
			files = (
				4AC6120119946C99003FDBC5 /* command_icon3@2x.png in Resources */,
				4AC6120219946C99003FDBC5 /* command_icon@2x.png in Resources */,
				4AB4F12119ACE4F200724C12 /* SimpleMode2@2x.png in Resources */,
				4AB4F12019ACE4F200724C12 /* SimpleMode1@2x.png in Resources */,
				4AC611FF19946C99003FDBC5 /* command_icon1@2x.png in Resources */,
				4A557D5B19B1ACA0008E0C1F /* TimeAttack1@2x.png in Resources */,
				4AC6120019946C99003FDBC5 /* command_icon2@2x.png in Resources */,
				4A39850619ADEA560050A162 /* numberBackground1@2x.png in Resources */,
				4AB4F12919ACFF4B00724C12 /* operator1@2x.png in Resources */,
				4A557D5D19B1ACA0008E0C1F /* TimeAttack3@2x.png in Resources */,
				4A39850519ADEA560050A162 /* numberBackground0@2x.png in Resources */,
				4A557D5C19B1ACA0008E0C1F /* TimeAttack2@2x.png in Resources */,
				4AB4F11F19ACE4F200724C12 /* SimpleMode0@2x.png in Resources */,
				4AB4F12A19ACFF4B00724C12 /* operator0@2x.png in Resources */,
				4A6DE47D19AC6DA6007BFDDD /* combination.csv in Resources */,
				4A22D72A195155F500A117EB /* Main.storyboard in Resources */,
				4AB4F12B19ACFF4B00724C12 /* operator3@2x.png in Resources */,
				4AC611FE19946C99003FDBC5 /* command_icon0@2x.png in Resources */,
				4AB4F12C19ACFF4B00724C12 /* operator2@2x.png in Resources */,
				4AB4F12219ACE4F200724C12 /* SimpleMode3@2x.png in Resources */,
				4A557D5519B1AC57008E0C1F /* TimeAttack@2x.png in Resources */,
				4A557D5A19B1ACA0008E0C1F /* TimeAttack0@2x.png in Resources */,
				4A39850A19ADEEE20050A162 /* SimpleMode@2x.png in Resources */,
				4A22D72C195155F500A117EB /* Images.xcassets in Resources */,
			);
			runOnlyForDeploymentPostprocessing = 0;
		};
		4A22D72F195155F500A117EB /* Resources */ = {
			isa = PBXResourcesBuildPhase;
			buildActionMask = 2147483647;
			files = (
			);
			runOnlyForDeploymentPostprocessing = 0;
		};
/* End PBXResourcesBuildPhase section */

/* Begin PBXSourcesBuildPhase section */
		4A22D71B195155F500A117EB /* Sources */ = {
			isa = PBXSourcesBuildPhase;
			buildActionMask = 2147483647;
			files = (
				4A39850819ADEDC40050A162 /* TopViewController.swift in Sources */,
				4AD2845F19A4C556008391DA /* AnimationButton.swift in Sources */,
				4A557D5319B061F1008E0C1F /* PlanetImageView.swift in Sources */,
				4A61D1C719AACEF60091618D /* CustomLabel.swift in Sources */,
				4A61D1C519AAC4F50091618D /* CustomImageView.swift in Sources */,
				4A6DE47919AC4D21007BFDDD /* GameManager.swift in Sources */,
				4A6320E419B00A4900683B98 /* ResultViewController.swift in Sources */,
				4AC611F6198F543C003FDBC5 /* BaseNavigationController.swift in Sources */,
				4A22D727195155F500A117EB /* ViewController.swift in Sources */,
				4A23037419A4F61900832171 /* CustomView.swift in Sources */,
				4A22D725195155F500A117EB /* AppDelegate.swift in Sources */,
				4A39850C19ADF12E0050A162 /* SimpleModeViewController.swift in Sources */,
				4A39850E19ADF1420050A162 /* TimeAttackModeViewController.swift in Sources */,
				4AC611F4198F541B003FDBC5 /* BaseViewController.swift in Sources */,
				4A5ECB2419A3517F00EC6C4A /* CustomButton.swift in Sources */,
				4A61D1C319AA26C40091618D /* Fraction.swift in Sources */,
			);
			runOnlyForDeploymentPostprocessing = 0;
		};
		4A22D72D195155F500A117EB /* Sources */ = {
			isa = PBXSourcesBuildPhase;
			buildActionMask = 2147483647;
			files = (
				4A22D738195155F500A117EB /* TenTenSwiftTests.swift in Sources */,
			);
			runOnlyForDeploymentPostprocessing = 0;
		};
/* End PBXSourcesBuildPhase section */

/* Begin PBXTargetDependency section */
		4A22D733195155F500A117EB /* PBXTargetDependency */ = {
			isa = PBXTargetDependency;
			target = 4A22D71E195155F500A117EB /* TenTenSwift */;
			targetProxy = 4A22D732195155F500A117EB /* PBXContainerItemProxy */;
		};
/* End PBXTargetDependency section */

/* Begin PBXVariantGroup section */
		4A22D728195155F500A117EB /* Main.storyboard */ = {
			isa = PBXVariantGroup;
			children = (
				4A22D729195155F500A117EB /* Base */,
			);
			name = Main.storyboard;
			sourceTree = "<group>";
		};
/* End PBXVariantGroup section */

/* Begin XCBuildConfiguration section */
		4A22D739195155F500A117EB /* Debug */ = {
			isa = XCBuildConfiguration;
			buildSettings = {
				ALWAYS_SEARCH_USER_PATHS = NO;
				CLANG_CXX_LANGUAGE_STANDARD = "gnu++0x";
				CLANG_CXX_LIBRARY = "libc++";
				CLANG_ENABLE_MODULES = YES;
				CLANG_ENABLE_OBJC_ARC = YES;
				CLANG_WARN_BOOL_CONVERSION = YES;
				CLANG_WARN_CONSTANT_CONVERSION = YES;
				CLANG_WARN_DIRECT_OBJC_ISA_USAGE = YES_ERROR;
				CLANG_WARN_EMPTY_BODY = YES;
				CLANG_WARN_ENUM_CONVERSION = YES;
				CLANG_WARN_INT_CONVERSION = YES;
				CLANG_WARN_OBJC_ROOT_CLASS = YES_ERROR;
				CLANG_WARN_UNREACHABLE_CODE = YES;
				CLANG_WARN__DUPLICATE_METHOD_MATCH = YES;
				"CODE_SIGN_IDENTITY[sdk=iphoneos*]" = "iPhone Developer";
				COPY_PHASE_STRIP = NO;
				ENABLE_STRICT_OBJC_MSGSEND = YES;
				GCC_C_LANGUAGE_STANDARD = gnu99;
				GCC_DYNAMIC_NO_PIC = NO;
				GCC_OPTIMIZATION_LEVEL = 0;
				GCC_PREPROCESSOR_DEFINITIONS = (
					"DEBUG=1",
					"$(inherited)",
				);
				GCC_SYMBOLS_PRIVATE_EXTERN = NO;
				GCC_WARN_64_TO_32_BIT_CONVERSION = YES;
				GCC_WARN_ABOUT_RETURN_TYPE = YES_ERROR;
				GCC_WARN_UNDECLARED_SELECTOR = YES;
				GCC_WARN_UNINITIALIZED_AUTOS = YES_AGGRESSIVE;
				GCC_WARN_UNUSED_FUNCTION = YES;
				GCC_WARN_UNUSED_VARIABLE = YES;
				IPHONEOS_DEPLOYMENT_TARGET = 7.1;
				METAL_ENABLE_DEBUG_INFO = YES;
				ONLY_ACTIVE_ARCH = YES;
				SDKROOT = iphoneos;
				SWIFT_OPTIMIZATION_LEVEL = "-Onone";
			};
			name = Debug;
		};
		4A22D73A195155F500A117EB /* Release */ = {
			isa = XCBuildConfiguration;
			buildSettings = {
				ALWAYS_SEARCH_USER_PATHS = NO;
				CLANG_CXX_LANGUAGE_STANDARD = "gnu++0x";
				CLANG_CXX_LIBRARY = "libc++";
				CLANG_ENABLE_MODULES = YES;
				CLANG_ENABLE_OBJC_ARC = YES;
				CLANG_WARN_BOOL_CONVERSION = YES;
				CLANG_WARN_CONSTANT_CONVERSION = YES;
				CLANG_WARN_DIRECT_OBJC_ISA_USAGE = YES_ERROR;
				CLANG_WARN_EMPTY_BODY = YES;
				CLANG_WARN_ENUM_CONVERSION = YES;
				CLANG_WARN_INT_CONVERSION = YES;
				CLANG_WARN_OBJC_ROOT_CLASS = YES_ERROR;
				CLANG_WARN_UNREACHABLE_CODE = YES;
				CLANG_WARN__DUPLICATE_METHOD_MATCH = YES;
				"CODE_SIGN_IDENTITY[sdk=iphoneos*]" = "iPhone Developer";
				COPY_PHASE_STRIP = YES;
				ENABLE_NS_ASSERTIONS = NO;
				ENABLE_STRICT_OBJC_MSGSEND = YES;
				GCC_C_LANGUAGE_STANDARD = gnu99;
				GCC_WARN_64_TO_32_BIT_CONVERSION = YES;
				GCC_WARN_ABOUT_RETURN_TYPE = YES_ERROR;
				GCC_WARN_UNDECLARED_SELECTOR = YES;
				GCC_WARN_UNINITIALIZED_AUTOS = YES_AGGRESSIVE;
				GCC_WARN_UNUSED_FUNCTION = YES;
				GCC_WARN_UNUSED_VARIABLE = YES;
				IPHONEOS_DEPLOYMENT_TARGET = 7.1;
				METAL_ENABLE_DEBUG_INFO = NO;
				SDKROOT = iphoneos;
				VALIDATE_PRODUCT = YES;
			};
			name = Release;
		};
		4A22D73C195155F500A117EB /* Debug */ = {
			isa = XCBuildConfiguration;
			buildSettings = {
				ASSETCATALOG_COMPILER_APPICON_NAME = AppIcon;
				ASSETCATALOG_COMPILER_LAUNCHIMAGE_NAME = LaunchImage;
				INFOPLIST_FILE = TenTenSwift/Info.plist;
				LD_RUNPATH_SEARCH_PATHS = "$(inherited) @executable_path/Frameworks";
				PRODUCT_NAME = "$(TARGET_NAME)";
			};
			name = Debug;
		};
		4A22D73D195155F500A117EB /* Release */ = {
			isa = XCBuildConfiguration;
			buildSettings = {
				ASSETCATALOG_COMPILER_APPICON_NAME = AppIcon;
				ASSETCATALOG_COMPILER_LAUNCHIMAGE_NAME = LaunchImage;
				INFOPLIST_FILE = TenTenSwift/Info.plist;
				LD_RUNPATH_SEARCH_PATHS = "$(inherited) @executable_path/Frameworks";
				PRODUCT_NAME = "$(TARGET_NAME)";
			};
			name = Release;
		};
		4A22D73F195155F500A117EB /* Debug */ = {
			isa = XCBuildConfiguration;
			buildSettings = {
				BUNDLE_LOADER = "$(BUILT_PRODUCTS_DIR)/TenTenSwift.app/TenTenSwift";
				FRAMEWORK_SEARCH_PATHS = (
					"$(SDKROOT)/Developer/Library/Frameworks",
					"$(inherited)",
				);
				GCC_PREPROCESSOR_DEFINITIONS = (
					"DEBUG=1",
					"$(inherited)",
				);
				INFOPLIST_FILE = TenTenSwiftTests/Info.plist;
				LD_RUNPATH_SEARCH_PATHS = "$(inherited) @executable_path/Frameworks @loader_path/Frameworks";
				METAL_ENABLE_DEBUG_INFO = YES;
				PRODUCT_NAME = "$(TARGET_NAME)";
				TEST_HOST = "$(BUNDLE_LOADER)";
			};
			name = Debug;
		};
		4A22D740195155F500A117EB /* Release */ = {
			isa = XCBuildConfiguration;
			buildSettings = {
				BUNDLE_LOADER = "$(BUILT_PRODUCTS_DIR)/TenTenSwift.app/TenTenSwift";
				FRAMEWORK_SEARCH_PATHS = (
					"$(SDKROOT)/Developer/Library/Frameworks",
					"$(inherited)",
				);
				INFOPLIST_FILE = TenTenSwiftTests/Info.plist;
				LD_RUNPATH_SEARCH_PATHS = "$(inherited) @executable_path/Frameworks @loader_path/Frameworks";
				METAL_ENABLE_DEBUG_INFO = NO;
				PRODUCT_NAME = "$(TARGET_NAME)";
				TEST_HOST = "$(BUNDLE_LOADER)";
			};
			name = Release;
		};
/* End XCBuildConfiguration section */

/* Begin XCConfigurationList section */
		4A22D71A195155F500A117EB /* Build configuration list for PBXProject "TenTenSwift" */ = {
			isa = XCConfigurationList;
			buildConfigurations = (
				4A22D739195155F500A117EB /* Debug */,
				4A22D73A195155F500A117EB /* Release */,
			);
			defaultConfigurationIsVisible = 0;
			defaultConfigurationName = Release;
		};
		4A22D73B195155F500A117EB /* Build configuration list for PBXNativeTarget "TenTenSwift" */ = {
			isa = XCConfigurationList;
			buildConfigurations = (
				4A22D73C195155F500A117EB /* Debug */,
				4A22D73D195155F500A117EB /* Release */,
			);
			defaultConfigurationIsVisible = 0;
			defaultConfigurationName = Release;
		};
		4A22D73E195155F500A117EB /* Build configuration list for PBXNativeTarget "TenTenSwiftTests" */ = {
			isa = XCConfigurationList;
			buildConfigurations = (
				4A22D73F195155F500A117EB /* Debug */,
				4A22D740195155F500A117EB /* Release */,
			);
			defaultConfigurationIsVisible = 0;
			defaultConfigurationName = Release;
		};
/* End XCConfigurationList section */
	};
	rootObject = 4A22D717195155F500A117EB /* Project object */;
}
